{
  "format": 1,
  "packages": [
    {
      "commit": "fafa2cea97d0cb379d832086ba45a989fa6f9c8e",
      "dependencies": {},
      "id": "p5a77c9c35110e925",
      "name": "raylib",
      "ref": "fafa2cea97d0cb379d832086ba45a989fa6f9c8e",
      "source": true,
      "url": "https://github.com/raysan5/raylib.git"
    }
  ],
  "root": {
    "dependencies": {"raylib": "p5a77c9c35110e925"},
    "name": "kryon"
  },
  "toolchain": {
    "commit": "659a09ef2e94d53a2e520957a19c30a2d9f96f95",
    "ref": "master",
    "url": "https://github.com/ziranlang/ziran.git"
  }
}
