{
  "format": 1,
  "packages": [
    {
      "commit": "987f5843f9e3ba58278abd03e2573f0d0b432a3c",
      "dependencies": {},
      "id": "p64bd7c976ed9a9d4",
      "name": "raylib",
      "ref": "fafa2cea97d0cb379d832086ba45a989fa6f9c8e",
      "source": true,
      "url": "https://github.com/raysan5/raylib.git"
    }
  ],
  "root": {
    "dependencies": {"raylib": "p64bd7c976ed9a9d4"},
    "name": "kryon"
  },
  "toolchain": {
    "commit": "47e20f3a1356e5e283b6a51dcdee6eaa09bf4afc",
    "ref": "master",
    "url": "https://github.com/ziranlang/ziran.git"
  }
}
