{
  "format": 1,
  "packages": [
    {
      "commit": "fafa2cea97d0cb379d832086ba45a989fa6f9c8e",
      "dependencies": {},
      "id": "p5a77c9c35110e925",
      "name": "raylib",
      "ref": "fafa2cea97d0cb379d832086ba45a989fa6f9c8e",
      "source": true,
      "url": "https://github.com/raysan5/raylib.git"
    },
    {
      "commit": "10dbc4034b6713beaad5387714bea4613ff30422",
      "dependencies": {"raylib": "p5a77c9c35110e925"},
      "id": "pdbe8d464197a1d8a",
      "name": "kryon",
      "ref": "master",
      "url": "https://github.com/kryonlabs/kryon.git"
    }
  ],
  "root": {
    "dependencies": {"kryon": "pdbe8d464197a1d8a"},
    "name": "widgets"
  },
  "toolchain": {
    "commit": "e302e9292c3553bc656df4f7a16422da835507d4",
    "ref": "master",
    "url": "https://github.com/ziranlang/ziran.git"
  }
}
